{
    "_meta": {
        "hash": {
            "sha256": "f4c9a920e82852aed40fe17bac52e73d69684f1afb32eae86e7782dabfbe7c25"
        },
        "pipfile-spec": 6,
        "requires": {
            "python_version": "2.7"
        },
        "sources": [
            {
                "name": "pypi",
                "url": "https://pypi.org/simple",
                "verify_ssl": true
            }
        ]
    },
    "default": {
        "click": {
            "hashes": [
                "sha256:29f99fc6125fbc931b758dc053b3114e55c77a6e4c6c3a2674a2dc986016381d",
                "sha256:f15516df478d5a56180fbf80e68f206010e6d160fc39fa508b65e035fd75130b"
            ],
            "version": "==6.7"
        },
        "dill": {
            "hashes": [
                "sha256:431c9d46e190dcdf1397234cf659d66e2e22e33b0474ed6ee2d0b16c9c0ea319",
                "sha256:e82b3db7b9d962911c9c2d5cf2bb4a04f43933f505a624fb7dc5f68b949f0a5c"
            ],
            "version": "==0.2.5"
        },
        "e1839a8": {
            "editable": true,
            "path": "."
        },
        "future": {
            "hashes": [
                "sha256:e39ced1ab767b5936646cedba8bcce582398233d6a627067d4c6a454c90cfedb"
            ],
            "version": "==0.16.0"
        },
        "jinja2": {
            "hashes": [
                "sha256:74c935a1b8bb9a3947c50a54766a969d4846290e1e788ea44c1392163723c3bd",
                "sha256:f84be1bb0040caca4cea721fcbbbbd61f9be9464ca236387158b0feea01914a4"
            ],
            "index": "pypi",
            "version": "==2.10"
        },
        "markupsafe": {
            "hashes": [
                "sha256:a6be69091dac236ea9c6bc7d012beab42010fa914c459791d627dad4910eb665"
            ],
            "version": "==1.0"
        },
        "pyfunctional": {
            "hashes": [
                "sha256:6257fe2cff900600438991ecdfae242c422fad18bbd94ec9f15c9f8b9f50060a",
                "sha256:a4bee6bb531c2c7092531a632ac16a639fc368568afce408f2e1cf7c4abe69d7",
                "sha256:dcfbe26ace1ade4b1de46ce2226fc6be7d1101088ce568bd39493716601a9d06"
            ],
            "version": "==1.1.3"
        },
        "six": {
            "hashes": [
                "sha256:0ff78c403d9bccf5a425a6d31a12aa6b47f1c21ca4dc2573a7e2f32a97335eb1",
                "sha256:105f8d68616f8248e24bf0e9372ef04d3cc10104f1980f54d57b2ce73a5ad56a"
            ],
            "version": "==1.10.0"
        },
        "tabulate": {
            "hashes": [
                "sha256:1f07f6252b20cdc4ed744b598b5fa8362638988b50a62f3e2ad76c97fc02eef2",
                "sha256:83a0b8e17c09f012090a50e1e97ae897300a72b35e0c86c0b53d3bd2ae86d8c6"
            ],
            "version": "==0.7.7"
        }
    },
    "develop": {}
}
